
Microsoft Visual Studio Solution File, Format Version 12.00
# Visual Studio Version 16
VisualStudioVersion = 16.0.31402.337
MinimumVisualStudioVersion = 10.0.40219.1
Project("{FAE04EC0-301F-11D3-BF4B-00C04F79EFBC}") = "lesson1", "lesson1.csproj", "{7912F74F-E8FC-46F2-AE92-087104230837}"
EndProject
Global
	GlobalSection(SolutionConfigurationPlatforms) = preSolution
		Debug|Any CPU = Debug|Any CPU
		Release|Any CPU = Release|Any CPU
	EndGlobalSection
	GlobalSection(ProjectConfigurationPlatforms) = postSolution
		{7912F74F-E8FC-46F2-AE92-087104230837}.Debug|Any CPU.ActiveCfg = Debug|Any CPU
		{7912F74F-E8FC-46F2-AE92-087104230837}.Debug|Any CPU.Build.0 = Debug|Any CPU
		{7912F74F-E8FC-46F2-AE92-087104230837}.Release|Any CPU.ActiveCfg = Release|Any CPU
		{7912F74F-E8FC-46F2-AE92-087104230837}.Release|Any CPU.Build.0 = Release|Any CPU
	EndGlobalSection
	GlobalSection(SolutionProperties) = preSolution
		HideSolutionNode = FALSE
	EndGlobalSection
	GlobalSection(ExtensibilityGlobals) = postSolution
		SolutionGuid = {DE21895A-1B8B-4F38-AFEC-497FBB773568}
	EndGlobalSection
EndGlobal
