
Microsoft Visual Studio Solution File, Format Version 12.00
# Visual Studio Version 16
VisualStudioVersion = 16.0.31402.337
MinimumVisualStudioVersion = 10.0.40219.1
Project("{FAE04EC0-301F-11D3-BF4B-00C04F79EFBC}") = "lesson4", "lesson4.csproj", "{530AF4D8-558A-4E42-8897-C4A5DC2809F1}"
EndProject
Global
	GlobalSection(SolutionConfigurationPlatforms) = preSolution
		Debug|Any CPU = Debug|Any CPU
		Release|Any CPU = Release|Any CPU
	EndGlobalSection
	GlobalSection(ProjectConfigurationPlatforms) = postSolution
		{530AF4D8-558A-4E42-8897-C4A5DC2809F1}.Debug|Any CPU.ActiveCfg = Debug|Any CPU
		{530AF4D8-558A-4E42-8897-C4A5DC2809F1}.Debug|Any CPU.Build.0 = Debug|Any CPU
		{530AF4D8-558A-4E42-8897-C4A5DC2809F1}.Release|Any CPU.ActiveCfg = Release|Any CPU
		{530AF4D8-558A-4E42-8897-C4A5DC2809F1}.Release|Any CPU.Build.0 = Release|Any CPU
	EndGlobalSection
	GlobalSection(SolutionProperties) = preSolution
		HideSolutionNode = FALSE
	EndGlobalSection
	GlobalSection(ExtensibilityGlobals) = postSolution
		SolutionGuid = {D3A1695B-13CA-4014-A2C5-9D237A0F6CC1}
	EndGlobalSection
EndGlobal
