
Microsoft Visual Studio Solution File, Format Version 12.00
# Visual Studio Version 16
VisualStudioVersion = 16.0.31402.337
MinimumVisualStudioVersion = 10.0.40219.1
Project("{FAE04EC0-301F-11D3-BF4B-00C04F79EFBC}") = "ProstMnoj", "ProstMnoj.csproj", "{79655247-C018-4998-BB1C-F30F5465997E}"
EndProject
Global
	GlobalSection(SolutionConfigurationPlatforms) = preSolution
		Debug|Any CPU = Debug|Any CPU
		Release|Any CPU = Release|Any CPU
	EndGlobalSection
	GlobalSection(ProjectConfigurationPlatforms) = postSolution
		{79655247-C018-4998-BB1C-F30F5465997E}.Debug|Any CPU.ActiveCfg = Debug|Any CPU
		{79655247-C018-4998-BB1C-F30F5465997E}.Debug|Any CPU.Build.0 = Debug|Any CPU
		{79655247-C018-4998-BB1C-F30F5465997E}.Release|Any CPU.ActiveCfg = Release|Any CPU
		{79655247-C018-4998-BB1C-F30F5465997E}.Release|Any CPU.Build.0 = Release|Any CPU
	EndGlobalSection
	GlobalSection(SolutionProperties) = preSolution
		HideSolutionNode = FALSE
	EndGlobalSection
	GlobalSection(ExtensibilityGlobals) = postSolution
		SolutionGuid = {E49B1EDC-FDA2-4940-A2EF-4963C3483B46}
	EndGlobalSection
EndGlobal
