
Microsoft Visual Studio Solution File, Format Version 12.00
# Visual Studio Version 16
VisualStudioVersion = 16.0.31402.337
MinimumVisualStudioVersion = 10.0.40219.1
Project("{FAE04EC0-301F-11D3-BF4B-00C04F79EFBC}") = "lesson5_2", "lesson5_2.csproj", "{C32CEECE-7673-4F45-8B03-C3E873B766DA}"
EndProject
Global
	GlobalSection(SolutionConfigurationPlatforms) = preSolution
		Debug|Any CPU = Debug|Any CPU
		Release|Any CPU = Release|Any CPU
	EndGlobalSection
	GlobalSection(ProjectConfigurationPlatforms) = postSolution
		{C32CEECE-7673-4F45-8B03-C3E873B766DA}.Debug|Any CPU.ActiveCfg = Debug|Any CPU
		{C32CEECE-7673-4F45-8B03-C3E873B766DA}.Debug|Any CPU.Build.0 = Debug|Any CPU
		{C32CEECE-7673-4F45-8B03-C3E873B766DA}.Release|Any CPU.ActiveCfg = Release|Any CPU
		{C32CEECE-7673-4F45-8B03-C3E873B766DA}.Release|Any CPU.Build.0 = Release|Any CPU
	EndGlobalSection
	GlobalSection(SolutionProperties) = preSolution
		HideSolutionNode = FALSE
	EndGlobalSection
	GlobalSection(ExtensibilityGlobals) = postSolution
		SolutionGuid = {0235B965-D6C6-45CA-8C20-B916E785E2C9}
	EndGlobalSection
EndGlobal
