
Microsoft Visual Studio Solution File, Format Version 12.00
# Visual Studio Version 16
VisualStudioVersion = 16.0.31402.337
MinimumVisualStudioVersion = 10.0.40219.1
Project("{FAE04EC0-301F-11D3-BF4B-00C04F79EFBC}") = "lesson_6", "lesson_6.csproj", "{DBCB76E2-B553-47B5-8388-04189136BAB3}"
EndProject
Global
	GlobalSection(SolutionConfigurationPlatforms) = preSolution
		Debug|Any CPU = Debug|Any CPU
		Release|Any CPU = Release|Any CPU
	EndGlobalSection
	GlobalSection(ProjectConfigurationPlatforms) = postSolution
		{DBCB76E2-B553-47B5-8388-04189136BAB3}.Debug|Any CPU.ActiveCfg = Debug|Any CPU
		{DBCB76E2-B553-47B5-8388-04189136BAB3}.Debug|Any CPU.Build.0 = Debug|Any CPU
		{DBCB76E2-B553-47B5-8388-04189136BAB3}.Release|Any CPU.ActiveCfg = Release|Any CPU
		{DBCB76E2-B553-47B5-8388-04189136BAB3}.Release|Any CPU.Build.0 = Release|Any CPU
	EndGlobalSection
	GlobalSection(SolutionProperties) = preSolution
		HideSolutionNode = FALSE
	EndGlobalSection
	GlobalSection(ExtensibilityGlobals) = postSolution
		SolutionGuid = {A491C134-B0E1-4D8E-8246-15B95510CE3C}
	EndGlobalSection
EndGlobal
