
Microsoft Visual Studio Solution File, Format Version 12.00
# Visual Studio Version 16
VisualStudioVersion = 16.0.31402.337
MinimumVisualStudioVersion = 10.0.40219.1
Project("{FAE04EC0-301F-11D3-BF4B-00C04F79EFBC}") = "lesson5_3", "lesson5_3.csproj", "{A12B7126-7EFB-4CA8-91D1-266507C059E7}"
EndProject
Global
	GlobalSection(SolutionConfigurationPlatforms) = preSolution
		Debug|Any CPU = Debug|Any CPU
		Release|Any CPU = Release|Any CPU
	EndGlobalSection
	GlobalSection(ProjectConfigurationPlatforms) = postSolution
		{A12B7126-7EFB-4CA8-91D1-266507C059E7}.Debug|Any CPU.ActiveCfg = Debug|Any CPU
		{A12B7126-7EFB-4CA8-91D1-266507C059E7}.Debug|Any CPU.Build.0 = Debug|Any CPU
		{A12B7126-7EFB-4CA8-91D1-266507C059E7}.Release|Any CPU.ActiveCfg = Release|Any CPU
		{A12B7126-7EFB-4CA8-91D1-266507C059E7}.Release|Any CPU.Build.0 = Release|Any CPU
	EndGlobalSection
	GlobalSection(SolutionProperties) = preSolution
		HideSolutionNode = FALSE
	EndGlobalSection
	GlobalSection(ExtensibilityGlobals) = postSolution
		SolutionGuid = {CF28C1C6-8248-4FCC-990C-323867BA4E67}
	EndGlobalSection
EndGlobal
